{
  "name": "OnlineMarket.Web",
  "version": "0.0.0",
  "lockfileVersion": 1,
  "requires": true,
  "dependencies": {
    "@types/history": {
      "version": "4.6.0",
      "resolved": "https://registry.npmjs.org/@types/history/-/history-4.6.0.tgz",
      "integrity": "sha1-CT1n7XgNiJyVQ/bcok6+4La5/EU=",
      "dev": true
    },
    "@types/react": {
      "version": "15.0.35",
      "resolved": "https://registry.npmjs.org/@types/react/-/react-15.0.35.tgz",
      "integrity": "sha1-RnKSPNUC0D4UgNA4FuvFpxn7hto=",
      "dev": true
    },
    "@types/react-router": {
      "version": "4.0.12",
      "resolved": "https://registry.npmjs.org/@types/react-router/-/react-router-4.0.12.tgz",
      "integrity": "sha1-fM80M3QTk+Iu3hSbXNczq/5ZT/w=",
      "dev": true,
      "requires": {
        "@types/history": "*",
        "@types/react": "*"
      }
    },
    "chart.js": {
      "version": "2.7.2",
      "resolved": "https://registry.npmjs.org/chart.js/-/chart.js-2.7.2.tgz",
      "integrity": "sha512-90wl3V9xRZ8tnMvMlpcW+0Yg13BelsGS9P9t0ClaDxv/hdypHDr/YAGf+728m11P5ljwyB0ZHfPKCapZFqSqYA==",
      "requires": {
        "chartjs-color": "^2.1.0",
        "moment": "^2.10.2"
      }
    },
    "chartjs-color": {
      "version": "2.2.0",
      "resolved": "https://registry.npmjs.org/chartjs-color/-/chartjs-color-2.2.0.tgz",
      "integrity": "sha1-hKL7dVeH7YXDndbdjHsdiEKbrq4=",
      "requires": {
        "chartjs-color-string": "^0.5.0",
        "color-convert": "^0.5.3"
      }
    },
    "chartjs-color-string": {
      "version": "0.5.0",
      "resolved": "https://registry.npmjs.org/chartjs-color-string/-/chartjs-color-string-0.5.0.tgz",
      "integrity": "sha512-amWNvCOXlOUYxZVDSa0YOab5K/lmEhbFNKI55PWc4mlv28BDzA7zaoQTGxSBgJMHIW+hGX8YUrvw/FH4LyhwSQ==",
      "requires": {
        "color-name": "^1.0.0"
      }
    },
    "color-convert": {
      "version": "1.9.1",
      "resolved": "https://registry.npmjs.org/color-convert/-/color-convert-1.9.1.tgz",
      "integrity": "sha512-mjGanIiwQJskCC18rPR6OmrZ6fm2Lc7PeGFYwCmy5J34wC6F1PzdGL6xeMfmgicfYcNLGuVFA3WzXtIDCQSZxQ==",
      "requires": {
        "color-name": "^1.1.1"
      }
    },
    "color-name": {
      "version": "1.1.2",
      "resolved": "https://registry.npmjs.org/color-name/-/color-name-1.1.2.tgz",
      "integrity": "sha1-XIq3K2S9IhXWF66VWeuxSEdc+Y0="
    },
    "domain-context": {
      "version": "0.5.1",
      "resolved": "https://registry.npmjs.org/domain-context/-/domain-context-0.5.1.tgz",
      "integrity": "sha1-MhxmpBBVmHUHsjlqzF8E5T+5l8Q=",
      "dev": true
    },
    "domain-task": {
      "version": "3.0.3",
      "resolved": "https://registry.npmjs.org/domain-task/-/domain-task-3.0.3.tgz",
      "integrity": "sha1-T+fXQ5rP55LWm/jmv6ax41aGLUU=",
      "dev": true,
      "requires": {
        "domain-context": "^0.5.1",
        "is-absolute-url": "^2.1.0",
        "isomorphic-fetch": "^2.2.1"
      }
    },
    "encoding": {
      "version": "0.1.12",
      "resolved": "https://registry.npmjs.org/encoding/-/encoding-0.1.12.tgz",
      "integrity": "sha1-U4tm8+5izRq1HsMjgp0flIDHS+s=",
      "dev": true,
      "requires": {
        "iconv-lite": "~0.4.13"
      }
    },
    "history": {
      "version": "4.6.3",
      "resolved": "https://registry.npmjs.org/history/-/history-4.6.3.tgz",
      "integrity": "sha1-bXI6hxLFgda+836MJvSu3G64aWc=",
      "dev": true,
      "requires": {
        "invariant": "^2.2.1",
        "loose-envify": "^1.2.0",
        "resolve-pathname": "^2.0.0",
        "value-equal": "^0.2.0",
        "warning": "^3.0.0"
      }
    },
    "iconv-lite": {
      "version": "0.4.18",
      "resolved": "https://registry.npmjs.org/iconv-lite/-/iconv-lite-0.4.18.tgz",
      "integrity": "sha1-I9hlaxaq5nQqwpcy6o8DNqR4nPI=",
      "dev": true
    },
    "invariant": {
      "version": "2.2.2",
      "resolved": "https://registry.npmjs.org/invariant/-/invariant-2.2.2.tgz",
      "integrity": "sha1-nh9WrArNtr8wMwbzOL47IErmA2A=",
      "dev": true,
      "requires": {
        "loose-envify": "^1.0.0"
      }
    },
    "is-absolute-url": {
      "version": "2.1.0",
      "resolved": "https://registry.npmjs.org/is-absolute-url/-/is-absolute-url-2.1.0.tgz",
      "integrity": "sha1-UFMN+4T8yap9vnhS6Do3uTufKqY=",
      "dev": true
    },
    "is-stream": {
      "version": "1.1.0",
      "resolved": "https://registry.npmjs.org/is-stream/-/is-stream-1.1.0.tgz",
      "integrity": "sha1-EtSj3U5o4Lec6428hBc66A2RykQ=",
      "dev": true
    },
    "isomorphic-fetch": {
      "version": "2.2.1",
      "resolved": "https://registry.npmjs.org/isomorphic-fetch/-/isomorphic-fetch-2.2.1.tgz",
      "integrity": "sha1-YRrhrPFPXoH3KVB0coGf6XM1WKk=",
      "dev": true,
      "requires": {
        "node-fetch": "^1.0.1",
        "whatwg-fetch": ">=0.10.0"
      }
    },
    "js-tokens": {
      "version": "3.0.2",
      "resolved": "https://registry.npmjs.org/js-tokens/-/js-tokens-3.0.2.tgz",
      "integrity": "sha1-mGbfOVECEw449/mWvOtlRDIJwls=",
      "dev": true
    },
    "lodash": {
      "version": "4.17.4",
      "resolved": "https://registry.npmjs.org/lodash/-/lodash-4.17.4.tgz",
      "integrity": "sha1-eCA6TRwyiuHYbcpkYONptX9AVa4=",
      "dev": true
    },
    "lodash-es": {
      "version": "4.17.4",
      "resolved": "https://registry.npmjs.org/lodash-es/-/lodash-es-4.17.4.tgz",
      "integrity": "sha1-3MHXVS4VCgZABzupyzHXDwMpUOc=",
      "dev": true
    },
    "loose-envify": {
      "version": "1.3.1",
      "resolved": "https://registry.npmjs.org/loose-envify/-/loose-envify-1.3.1.tgz",
      "integrity": "sha1-0aitM/qc4OcT1l/dCsi3SNR4yEg=",
      "dev": true,
      "requires": {
        "js-tokens": "^3.0.0"
      }
    },
    "moment": {
      "version": "2.22.1",
      "resolved": "https://registry.npmjs.org/moment/-/moment-2.22.1.tgz",
      "integrity": "sha512-shJkRTSebXvsVqk56I+lkb2latjBs8I+pc2TzWc545y2iFnSjm7Wg0QMh+ZWcdSLQyGEau5jI8ocnmkyTgr9YQ=="
    },
    "node-fetch": {
      "version": "1.7.1",
      "resolved": "https://registry.npmjs.org/node-fetch/-/node-fetch-1.7.1.tgz",
      "integrity": "sha1-iZyz0KPJL5UsR/G4dvTIrqvUANU=",
      "dev": true,
      "requires": {
        "encoding": "^0.1.11",
        "is-stream": "^1.0.1"
      }
    },
    "redux": {
      "version": "3.7.1",
      "resolved": "https://registry.npmjs.org/redux/-/redux-3.7.1.tgz",
      "integrity": "sha1-v8U1x1fThJVi6tCvGKxSEizXJo4=",
      "dev": true,
      "requires": {
        "lodash": "^4.2.1",
        "lodash-es": "^4.2.1",
        "loose-envify": "^1.1.0",
        "symbol-observable": "^1.0.3"
      }
    },
    "resolve-pathname": {
      "version": "2.1.0",
      "resolved": "https://registry.npmjs.org/resolve-pathname/-/resolve-pathname-2.1.0.tgz",
      "integrity": "sha1-6DWIAbhrg7F1YNTjw4LXrvIQCUQ=",
      "dev": true
    },
    "symbol-observable": {
      "version": "1.0.4",
      "resolved": "https://registry.npmjs.org/symbol-observable/-/symbol-observable-1.0.4.tgz",
      "integrity": "sha1-Kb9hXUqnEhvdiYsi1LP5vE4qoD0=",
      "dev": true
    },
    "value-equal": {
      "version": "0.2.1",
      "resolved": "https://registry.npmjs.org/value-equal/-/value-equal-0.2.1.tgz",
      "integrity": "sha1-wiCjBDYfzmmU277ao8fhobiVhx0=",
      "dev": true
    },
    "warning": {
      "version": "3.0.0",
      "resolved": "https://registry.npmjs.org/warning/-/warning-3.0.0.tgz",
      "integrity": "sha1-MuU3fLVy3kqwR1O9+IIcAe1gW3w=",
      "dev": true,
      "requires": {
        "loose-envify": "^1.0.0"
      }
    },
    "whatwg-fetch": {
      "version": "2.0.3",
      "resolved": "https://registry.npmjs.org/whatwg-fetch/-/whatwg-fetch-2.0.3.tgz",
      "integrity": "sha1-nITsLc9oGH/wC8ZOEnS0QhduHIQ=",
      "dev": true
    }
  }
}
